// !$*UTF8*$!
{
	archiveVersion = 1;
	classes = {
	};
	objectVersion = 77;
	objects = {

/* Begin PBXBuildFile section */
		A00000000000000000000001 /* ReadpicApp.swift in Sources */ = {isa = PBXBuildFile; fileRef = A00000000000000000000011 /* ReadpicApp.swift */; };
		A00000000000000000000002 /* ImageDecoder.swift in Sources */ = {isa = PBXBuildFile; fileRef = A00000000000000000000012 /* ImageDecoder.swift */; };
		A00000000000000000000003 /* Downsample.swift in Sources */ = {isa = PBXBuildFile; fileRef = A00000000000000000000013 /* Downsample.swift */; };
		A00000000000000000000004 /* FileItem.swift in Sources */ = {isa = PBXBuildFile; fileRef = A00000000000000000000014 /* FileItem.swift */; };
		A00000000000000000000005 /* FolderScanner.swift in Sources */ = {isa = PBXBuildFile; fileRef = A00000000000000000000015 /* FolderScanner.swift */; };
		A00000000000000000000006 /* FileSorter.swift in Sources */ = {isa = PBXBuildFile; fileRef = A00000000000000000000016 /* FileSorter.swift */; };
		A00000000000000000000007 /* ViewerModel.swift in Sources */ = {isa = PBXBuildFile; fileRef = A00000000000000000000017 /* ViewerModel.swift */; };
		A00000000000000000000008 /* ViewerView.swift in Sources */ = {isa = PBXBuildFile; fileRef = A00000000000000000000018 /* ViewerView.swift */; };
		A00000000000000000000009 /* ViewerRepresentable.swift in Sources */ = {isa = PBXBuildFile; fileRef = A00000000000000000000019 /* ViewerRepresentable.swift */; };
		A0000000000000000000000A /* ViewerNSView.swift in Sources */ = {isa = PBXBuildFile; fileRef = A0000000000000000000001A /* ViewerNSView.swift */; };
		A0000000000000000000000B /* Assets.xcassets in Resources */ = {isa = PBXBuildFile; fileRef = A0000000000000000000001B /* Assets.xcassets */; };
		A0000000000000000000000C /* Localizable.strings in Resources */ = {isa = PBXBuildFile; fileRef = A0000000000000000000001E /* Localizable.strings */; };
		A0000000000000000000003A /* ClipboardService.swift in Sources */ = {isa = PBXBuildFile; fileRef = A0000000000000000000003D /* ClipboardService.swift */; };
		A0000000000000000000003B /* FinderService.swift in Sources */ = {isa = PBXBuildFile; fileRef = A0000000000000000000003E /* FinderService.swift */; };
		A0000000000000000000003C /* ExternalOpenService.swift in Sources */ = {isa = PBXBuildFile; fileRef = A0000000000000000000003F /* ExternalOpenService.swift */; };
		A00000000000000000000041 /* FileOperationService.swift in Sources */ = {isa = PBXBuildFile; fileRef = A00000000000000000000042 /* FileOperationService.swift */; };
		A00000000000000000000043 /* ReadpicTests.swift in Sources */ = {isa = PBXBuildFile; fileRef = A00000000000000000000044 /* ReadpicTests.swift */; };
		A00000000000000000000050 /* MetadataReader.swift in Sources */ = {isa = PBXBuildFile; fileRef = A00000000000000000000052 /* MetadataReader.swift */; };
		A00000000000000000000051 /* InfoPanelView.swift in Sources */ = {isa = PBXBuildFile; fileRef = A00000000000000000000053 /* InfoPanelView.swift */; };
		A00000000000000000000056 /* AppSettings.swift in Sources */ = {isa = PBXBuildFile; fileRef = A00000000000000000000058 /* AppSettings.swift */; };
		A00000000000000000000057 /* SettingsView.swift in Sources */ = {isa = PBXBuildFile; fileRef = A00000000000000000000059 /* SettingsView.swift */; };
			A0000000000000000000005C /* ImageCache.swift in Sources */ = {isa = PBXBuildFile; fileRef = A0000000000000000000005D /* ImageCache.swift */; };
		A0000000000000000000005F /* WindowAccessor.swift in Sources */ = {isa = PBXBuildFile; fileRef = A0000000000000000000005E /* WindowAccessor.swift */; };
		A00000000000000000000061 /* ThumbnailLoader.swift in Sources */ = {isa = PBXBuildFile; fileRef = A00000000000000000000060 /* ThumbnailLoader.swift */; };
		A00000000000000000000071 /* ThumbnailDiskCache.swift in Sources */ = {isa = PBXBuildFile; fileRef = A00000000000000000000070 /* ThumbnailDiskCache.swift */; };
		A00000000000000000000063 /* ThumbnailStripView.swift in Sources */ = {isa = PBXBuildFile; fileRef = A00000000000000000000062 /* ThumbnailStripView.swift */; };
		A00000000000000000000065 /* GridView.swift in Sources */ = {isa = PBXBuildFile; fileRef = A00000000000000000000064 /* GridView.swift */; };
		A00000000000000000000073 /* FrameStripView.swift in Sources */ = {isa = PBXBuildFile; fileRef = A00000000000000000000072 /* FrameStripView.swift */; };
		A00000000000000000000075 /* ZoomGeometry.swift in Sources */ = {isa = PBXBuildFile; fileRef = A00000000000000000000074 /* ZoomGeometry.swift */; };
		A00000000000000000000080 /* FavoritesManager.swift in Sources */ = {isa = PBXBuildFile; fileRef = A00000000000000000000081 /* FavoritesManager.swift */; };
		A00000000000000000000083 /* ImageWriter.swift in Sources */ = {isa = PBXBuildFile; fileRef = A00000000000000000000084 /* ImageWriter.swift */; };
		A00000000000000000000085 /* ExportView.swift in Sources */ = {isa = PBXBuildFile; fileRef = A00000000000000000000086 /* ExportView.swift */; };
		A00000000000000000000089 /* BatchConvertView.swift in Sources */ = {isa = PBXBuildFile; fileRef = A00000000000000000000088 /* BatchConvertView.swift */; };
		A00000000000000000000090 /* CropOverlayView.swift in Sources */ = {isa = PBXBuildFile; fileRef = A00000000000000000000091 /* CropOverlayView.swift */; };
		A00000000000000000000092 /* NativeHScroll.swift in Sources */ = {isa = PBXBuildFile; fileRef = A00000000000000000000093 /* NativeHScroll.swift */; };
		A00000000000000000000094 /* BatchRenameView.swift in Sources */ = {isa = PBXBuildFile; fileRef = A00000000000000000000095 /* BatchRenameView.swift */; };
		A00000000000000000000096 /* SlideshowView.swift in Sources */ = {isa = PBXBuildFile; fileRef = A00000000000000000000097 /* SlideshowView.swift */; };
/* End PBXBuildFile section */

/* Begin PBXFileReference section */
		A0000000000000000000000D /* Readpic.app */ = {isa = PBXFileReference; explicitFileType = wrapper.application; includeInIndex = 0; path = Readpic.app; sourceTree = BUILT_PRODUCTS_DIR; };
		A00000000000000000000011 /* ReadpicApp.swift */ = {isa = PBXFileReference; lastKnownFileType = sourcecode.swift; path = ReadpicApp.swift; sourceTree = "<group>"; };
		A00000000000000000000012 /* ImageDecoder.swift */ = {isa = PBXFileReference; lastKnownFileType = sourcecode.swift; path = ImageDecoder.swift; sourceTree = "<group>"; };
		A00000000000000000000013 /* Downsample.swift */ = {isa = PBXFileReference; lastKnownFileType = sourcecode.swift; path = Downsample.swift; sourceTree = "<group>"; };
		A00000000000000000000014 /* FileItem.swift */ = {isa = PBXFileReference; lastKnownFileType = sourcecode.swift; path = FileItem.swift; sourceTree = "<group>"; };
		A00000000000000000000015 /* FolderScanner.swift */ = {isa = PBXFileReference; lastKnownFileType = sourcecode.swift; path = FolderScanner.swift; sourceTree = "<group>"; };
		A00000000000000000000016 /* FileSorter.swift */ = {isa = PBXFileReference; lastKnownFileType = sourcecode.swift; path = FileSorter.swift; sourceTree = "<group>"; };
		A00000000000000000000017 /* ViewerModel.swift */ = {isa = PBXFileReference; lastKnownFileType = sourcecode.swift; path = ViewerModel.swift; sourceTree = "<group>"; };
		A00000000000000000000018 /* ViewerView.swift */ = {isa = PBXFileReference; lastKnownFileType = sourcecode.swift; path = ViewerView.swift; sourceTree = "<group>"; };
		A00000000000000000000019 /* ViewerRepresentable.swift */ = {isa = PBXFileReference; lastKnownFileType = sourcecode.swift; path = ViewerRepresentable.swift; sourceTree = "<group>"; };
		A0000000000000000000001A /* ViewerNSView.swift */ = {isa = PBXFileReference; lastKnownFileType = sourcecode.swift; path = ViewerNSView.swift; sourceTree = "<group>"; };
		A0000000000000000000001B /* Assets.xcassets */ = {isa = PBXFileReference; lastKnownFileType = folder.assetcatalog; path = Assets.xcassets; sourceTree = "<group>"; };
		A0000000000000000000001C /* en */ = {isa = PBXFileReference; lastKnownFileType = text.plist.strings; name = en; path = en.lproj/Localizable.strings; sourceTree = "<group>"; };
		A0000000000000000000001D /* zh-Hans */ = {isa = PBXFileReference; lastKnownFileType = text.plist.strings; name = "zh-Hans"; path = "zh-Hans.lproj/Localizable.strings"; sourceTree = "<group>"; };
		A0000000000000000000003D /* ClipboardService.swift */ = {isa = PBXFileReference; lastKnownFileType = sourcecode.swift; path = ClipboardService.swift; sourceTree = "<group>"; };
		A0000000000000000000003E /* FinderService.swift */ = {isa = PBXFileReference; lastKnownFileType = sourcecode.swift; path = FinderService.swift; sourceTree = "<group>"; };
		A0000000000000000000003F /* ExternalOpenService.swift */ = {isa = PBXFileReference; lastKnownFileType = sourcecode.swift; path = ExternalOpenService.swift; sourceTree = "<group>"; };
		A00000000000000000000042 /* FileOperationService.swift */ = {isa = PBXFileReference; lastKnownFileType = sourcecode.swift; path = FileOperationService.swift; sourceTree = "<group>"; };
		A00000000000000000000044 /* ReadpicTests.swift */ = {isa = PBXFileReference; lastKnownFileType = sourcecode.swift; path = ReadpicTests.swift; sourceTree = "<group>"; };
		A00000000000000000000045 /* ReadpicTests.xctest */ = {isa = PBXFileReference; explicitFileType = wrapper.cfbundle; includeInIndex = 0; path = ReadpicTests.xctest; sourceTree = BUILT_PRODUCTS_DIR; };
		A00000000000000000000052 /* MetadataReader.swift */ = {isa = PBXFileReference; lastKnownFileType = sourcecode.swift; path = MetadataReader.swift; sourceTree = "<group>"; };
		A00000000000000000000053 /* InfoPanelView.swift */ = {isa = PBXFileReference; lastKnownFileType = sourcecode.swift; path = InfoPanelView.swift; sourceTree = "<group>"; };
		A00000000000000000000058 /* AppSettings.swift */ = {isa = PBXFileReference; lastKnownFileType = sourcecode.swift; path = AppSettings.swift; sourceTree = "<group>"; };
		A00000000000000000000059 /* SettingsView.swift */ = {isa = PBXFileReference; lastKnownFileType = sourcecode.swift; path = SettingsView.swift; sourceTree = "<group>"; };
			A0000000000000000000005D /* ImageCache.swift */ = {isa = PBXFileReference; lastKnownFileType = sourcecode.swift; path = ImageCache.swift; sourceTree = "<group>"; };
		A0000000000000000000005E /* WindowAccessor.swift */ = {isa = PBXFileReference; lastKnownFileType = sourcecode.swift; path = WindowAccessor.swift; sourceTree = "<group>"; };
		A00000000000000000000060 /* ThumbnailLoader.swift */ = {isa = PBXFileReference; lastKnownFileType = sourcecode.swift; path = ThumbnailLoader.swift; sourceTree = "<group>"; };
		A00000000000000000000062 /* ThumbnailStripView.swift */ = {isa = PBXFileReference; lastKnownFileType = sourcecode.swift; path = ThumbnailStripView.swift; sourceTree = "<group>"; };
		A00000000000000000000064 /* GridView.swift */ = {isa = PBXFileReference; lastKnownFileType = sourcecode.swift; path = GridView.swift; sourceTree = "<group>"; };
		A00000000000000000000070 /* ThumbnailDiskCache.swift */ = {isa = PBXFileReference; lastKnownFileType = sourcecode.swift; path = ThumbnailDiskCache.swift; sourceTree = "<group>"; };
		A00000000000000000000072 /* FrameStripView.swift */ = {isa = PBXFileReference; lastKnownFileType = sourcecode.swift; path = FrameStripView.swift; sourceTree = "<group>"; };
		A00000000000000000000074 /* ZoomGeometry.swift */ = {isa = PBXFileReference; lastKnownFileType = sourcecode.swift; path = ZoomGeometry.swift; sourceTree = "<group>"; };
		A00000000000000000000081 /* FavoritesManager.swift */ = {isa = PBXFileReference; lastKnownFileType = sourcecode.swift; path = FavoritesManager.swift; sourceTree = "<group>"; };
		A00000000000000000000084 /* ImageWriter.swift */ = {isa = PBXFileReference; lastKnownFileType = sourcecode.swift; path = ImageWriter.swift; sourceTree = "<group>"; };
		A00000000000000000000086 /* ExportView.swift */ = {isa = PBXFileReference; lastKnownFileType = sourcecode.swift; path = ExportView.swift; sourceTree = "<group>"; };
		A00000000000000000000088 /* BatchConvertView.swift */ = {isa = PBXFileReference; lastKnownFileType = sourcecode.swift; path = BatchConvertView.swift; sourceTree = "<group>"; };
		A00000000000000000000091 /* CropOverlayView.swift */ = {isa = PBXFileReference; lastKnownFileType = sourcecode.swift; path = CropOverlayView.swift; sourceTree = "<group>"; };
		A00000000000000000000093 /* NativeHScroll.swift */ = {isa = PBXFileReference; lastKnownFileType = sourcecode.swift; path = NativeHScroll.swift; sourceTree = "<group>"; };
		A00000000000000000000095 /* BatchRenameView.swift */ = {isa = PBXFileReference; lastKnownFileType = sourcecode.swift; path = BatchRenameView.swift; sourceTree = "<group>"; };
		A00000000000000000000097 /* SlideshowView.swift */ = {isa = PBXFileReference; lastKnownFileType = sourcecode.swift; path = SlideshowView.swift; sourceTree = "<group>"; };
/* End PBXFileReference section */

/* Begin PBXContainerItemProxy section */
		A00000000000000000000046 /* PBXContainerItemProxy */ = {
			isa = PBXContainerItemProxy;
			containerPortal = A00000000000000000000034 /* Project object */;
			proxyType = 1;
			remoteGlobalIDString = A00000000000000000000030;
			remoteInfo = Readpic;
		};
/* End PBXContainerItemProxy section */

/* Begin PBXFrameworksBuildPhase section */
		A00000000000000000000020 /* Frameworks */ = {
			isa = PBXFrameworksBuildPhase;
			buildActionMask = 2147483647;
			files = (
			);
			runOnlyForDeploymentPostprocessing = 0;
		};
		A00000000000000000000047 /* Frameworks */ = {
			isa = PBXFrameworksBuildPhase;
			buildActionMask = 2147483647;
			files = (
			);
			runOnlyForDeploymentPostprocessing = 0;
		};
/* End PBXFrameworksBuildPhase section */

/* Begin PBXGroup section */
		A00000000000000000000021 = {
			isa = PBXGroup;
			children = (
				A00000000000000000000022 /* Readpic */,
				A00000000000000000000048 /* Tests */,
				A00000000000000000000023 /* Products */,
			);
			sourceTree = "<group>";
		};
		A00000000000000000000022 /* Readpic */ = {
			isa = PBXGroup;
			children = (
				A00000000000000000000024 /* App */,
				A00000000000000000000025 /* Core */,
				A00000000000000000000026 /* ViewModels */,
				A00000000000000000000027 /* Features */,
				A00000000000000000000040 /* Services */,
				A00000000000000000000028 /* Resources */,
			);
			path = Readpic;
			sourceTree = "<group>";
		};
		A00000000000000000000023 /* Products */ = {
			isa = PBXGroup;
			children = (
				A0000000000000000000000D /* Readpic.app */,
				A00000000000000000000045 /* ReadpicTests.xctest */,
			);
			name = Products;
			sourceTree = "<group>";
		};
		A00000000000000000000024 /* App */ = {
			isa = PBXGroup;
			children = (
				A00000000000000000000011 /* ReadpicApp.swift */,
			);
			path = App;
			sourceTree = "<group>";
		};
		A00000000000000000000025 /* Core */ = {
			isa = PBXGroup;
			children = (
				A0000000000000000000005E /* WindowAccessor.swift */,
				A00000000000000000000082 /* Favorites */,
				A00000000000000000000076 /* Geometry */,
				A00000000000000000000029 /* ImageLoading */,
				A0000000000000000000002A /* FileSystem */,
				A00000000000000000000054 /* Metadata */,
				A0000000000000000000005A /* Settings */,
			);
			path = Core;
			sourceTree = "<group>";
		};
		A00000000000000000000076 /* Geometry */ = {
			isa = PBXGroup;
			children = (
				A00000000000000000000074 /* ZoomGeometry.swift */,
			);
			path = Geometry;
			sourceTree = "<group>";
		};
		A00000000000000000000082 /* Favorites */ = {
			isa = PBXGroup;
			children = (
				A00000000000000000000081 /* FavoritesManager.swift */,
			);
			path = Favorites;
			sourceTree = "<group>";
		};
		A00000000000000000000026 /* ViewModels */ = {
			isa = PBXGroup;
			children = (
				A00000000000000000000017 /* ViewerModel.swift */,
			);
			path = ViewModels;
			sourceTree = "<group>";
		};
		A00000000000000000000027 /* Features */ = {
			isa = PBXGroup;
			children = (
				A0000000000000000000002B /* Viewer */,
				A00000000000000000000055 /* InfoPanel */,
				A0000000000000000000005B /* Settings */,
				A00000000000000000000087 /* Export */,
			);
			path = Features;
			sourceTree = "<group>";
		};
		A00000000000000000000028 /* Resources */ = {
			isa = PBXGroup;
			children = (
				A0000000000000000000001B /* Assets.xcassets */,
				A0000000000000000000001E /* Localizable.strings */,
			);
			path = Resources;
			sourceTree = "<group>";
		};
		A00000000000000000000029 /* ImageLoading */ = {
			isa = PBXGroup;
			children = (
				A00000000000000000000012 /* ImageDecoder.swift */,
				A00000000000000000000013 /* Downsample.swift */,
				A0000000000000000000005D /* ImageCache.swift */,
				A00000000000000000000060 /* ThumbnailLoader.swift */,
				A00000000000000000000070 /* ThumbnailDiskCache.swift */,
				A00000000000000000000084 /* ImageWriter.swift */,
			);
			path = ImageLoading;
			sourceTree = "<group>";
		};
		A0000000000000000000002A /* FileSystem */ = {
			isa = PBXGroup;
			children = (
				A00000000000000000000014 /* FileItem.swift */,
				A00000000000000000000015 /* FolderScanner.swift */,
				A00000000000000000000016 /* FileSorter.swift */,
			);
			path = FileSystem;
			sourceTree = "<group>";
		};
		A0000000000000000000002B /* Viewer */ = {
			isa = PBXGroup;
			children = (
				A00000000000000000000018 /* ViewerView.swift */,
				A00000000000000000000019 /* ViewerRepresentable.swift */,
				A0000000000000000000001A /* ViewerNSView.swift */,
				A00000000000000000000097 /* SlideshowView.swift */,
				A00000000000000000000062 /* ThumbnailStripView.swift */,
				A00000000000000000000064 /* GridView.swift */,
				A00000000000000000000072 /* FrameStripView.swift */,
				A00000000000000000000091 /* CropOverlayView.swift */,
				A00000000000000000000093 /* NativeHScroll.swift */,
			);
			path = Viewer;
			sourceTree = "<group>";
		};
		A00000000000000000000040 /* Services */ = {
			isa = PBXGroup;
			children = (
				A0000000000000000000003D /* ClipboardService.swift */,
				A0000000000000000000003E /* FinderService.swift */,
				A0000000000000000000003F /* ExternalOpenService.swift */,
				A00000000000000000000042 /* FileOperationService.swift */,
			);
			path = Services;
			sourceTree = "<group>";
		};
		A00000000000000000000048 /* Tests */ = {
			isa = PBXGroup;
			children = (
				A00000000000000000000049 /* ReadpicTests */,
			);
			path = Tests;
			sourceTree = "<group>";
		};
		A00000000000000000000049 /* ReadpicTests */ = {
			isa = PBXGroup;
			children = (
				A00000000000000000000044 /* ReadpicTests.swift */,
			);
			path = ReadpicTests;
			sourceTree = "<group>";
		};
		A00000000000000000000054 /* Metadata */ = {
			isa = PBXGroup;
			children = (
				A00000000000000000000052 /* MetadataReader.swift */,
			);
			path = Metadata;
			sourceTree = "<group>";
		};
		A00000000000000000000055 /* InfoPanel */ = {
			isa = PBXGroup;
			children = (
				A00000000000000000000053 /* InfoPanelView.swift */,
			);
			path = InfoPanel;
			sourceTree = "<group>";
		};
		A0000000000000000000005A /* Settings */ = {
			isa = PBXGroup;
			children = (
				A00000000000000000000058 /* AppSettings.swift */,
			);
			path = Settings;
			sourceTree = "<group>";
		};
		A0000000000000000000005B /* Settings */ = {
			isa = PBXGroup;
			children = (
				A00000000000000000000059 /* SettingsView.swift */,
			);
			path = Settings;
			sourceTree = "<group>";
		};
		A00000000000000000000087 /* Export */ = {
			isa = PBXGroup;
			children = (
				A00000000000000000000086 /* ExportView.swift */,
				A00000000000000000000088 /* BatchConvertView.swift */,
				A00000000000000000000095 /* BatchRenameView.swift */,
			);
			path = Export;
			sourceTree = "<group>";
		};
/* End PBXGroup section */

/* Begin PBXNativeTarget section */
		A00000000000000000000030 /* Readpic */ = {
			isa = PBXNativeTarget;
			buildConfigurationList = A00000000000000000000031 /* Build configuration list for PBXNativeTarget \"Readpic\" */;
			buildPhases = (
				A00000000000000000000032 /* Sources */,
				A00000000000000000000020 /* Frameworks */,
				A00000000000000000000033 /* Resources */,
			);
			buildRules = (
			);
			dependencies = (
			);
			name = Readpic;
			productName = Readpic;
			productReference = A0000000000000000000000D /* Readpic.app */;
			productType = "com.apple.product-type.application";
		};
		A0000000000000000000004A /* ReadpicTests */ = {
			isa = PBXNativeTarget;
			buildConfigurationList = A0000000000000000000004B /* Build configuration list for PBXNativeTarget \"ReadpicTests\" */;
			buildPhases = (
				A0000000000000000000004C /* Sources */,
				A00000000000000000000047 /* Frameworks */,
			);
			buildRules = (
			);
			dependencies = (
				A0000000000000000000004D /* PBXTargetDependency */,
			);
			name = ReadpicTests;
			productName = ReadpicTests;
			productReference = A00000000000000000000045 /* ReadpicTests.xctest */;
			productType = "com.apple.product-type.bundle.unit-test";
		};
/* End PBXNativeTarget section */

/* Begin PBXProject section */
		A00000000000000000000034 /* Project object */ = {
			isa = PBXProject;
			attributes = {
				BuildIndependentTargetsInParallel = 1;
				LastSwiftUpdateCheck = 2650;
				LastUpgradeCheck = 2650;
				TargetAttributes = {
					A00000000000000000000030 = {
						CreatedOnToolsVersion = 26.5;
					};
					A0000000000000000000004A = {
						CreatedOnToolsVersion = 26.5;
						TestTargetID = A00000000000000000000030;
					};
				};
			};
			buildConfigurationList = A00000000000000000000035 /* Build configuration list for PBXProject \"Readpic\" */;
			developmentRegion = en;
			hasScannedForEncodings = 0;
			knownRegions = (
				en,
				"zh-Hans",
				Base,
			);
			mainGroup = A00000000000000000000021;
			minimizedProjectReferenceProxies = 1;
			preferredProjectObjectVersion = 77;
			productRefGroup = A00000000000000000000023 /* Products */;
			projectDirPath = "";
			projectRoot = "";
			targets = (
				A00000000000000000000030 /* Readpic */,
				A0000000000000000000004A /* ReadpicTests */,
			);
		};
/* End PBXProject section */

/* Begin PBXResourcesBuildPhase section */
		A00000000000000000000033 /* Resources */ = {
			isa = PBXResourcesBuildPhase;
			buildActionMask = 2147483647;
			files = (
				A0000000000000000000000B /* Assets.xcassets in Resources */,
				A0000000000000000000000C /* Localizable.strings in Resources */,
			);
			runOnlyForDeploymentPostprocessing = 0;
		};
/* End PBXResourcesBuildPhase section */

/* Begin PBXSourcesBuildPhase section */
		A00000000000000000000032 /* Sources */ = {
			isa = PBXSourcesBuildPhase;
			buildActionMask = 2147483647;
			files = (
				A00000000000000000000001 /* ReadpicApp.swift in Sources */,
				A00000000000000000000002 /* ImageDecoder.swift in Sources */,
				A00000000000000000000003 /* Downsample.swift in Sources */,
				A00000000000000000000004 /* FileItem.swift in Sources */,
				A00000000000000000000005 /* FolderScanner.swift in Sources */,
				A00000000000000000000006 /* FileSorter.swift in Sources */,
				A00000000000000000000007 /* ViewerModel.swift in Sources */,
				A00000000000000000000008 /* ViewerView.swift in Sources */,
				A00000000000000000000009 /* ViewerRepresentable.swift in Sources */,
				A0000000000000000000000A /* ViewerNSView.swift in Sources */,
				A0000000000000000000003A /* ClipboardService.swift in Sources */,
				A0000000000000000000003B /* FinderService.swift in Sources */,
				A0000000000000000000003C /* ExternalOpenService.swift in Sources */,
				A00000000000000000000041 /* FileOperationService.swift in Sources */,
				A00000000000000000000050 /* MetadataReader.swift in Sources */,
				A00000000000000000000051 /* InfoPanelView.swift in Sources */,
				A00000000000000000000056 /* AppSettings.swift in Sources */,
				A00000000000000000000057 /* SettingsView.swift in Sources */,
				A0000000000000000000005C /* ImageCache.swift in Sources */,
				A0000000000000000000005F /* WindowAccessor.swift in Sources */,
				A00000000000000000000061 /* ThumbnailLoader.swift in Sources */,
				A00000000000000000000063 /* ThumbnailStripView.swift in Sources */,
				A00000000000000000000065 /* GridView.swift in Sources */,
				A00000000000000000000071 /* ThumbnailDiskCache.swift in Sources */,
				A00000000000000000000073 /* FrameStripView.swift in Sources */,
				A00000000000000000000075 /* ZoomGeometry.swift in Sources */,
				A00000000000000000000080 /* FavoritesManager.swift in Sources */,
				A00000000000000000000083 /* ImageWriter.swift in Sources */,
				A00000000000000000000085 /* ExportView.swift in Sources */,
				A00000000000000000000089 /* BatchConvertView.swift in Sources */,
				A00000000000000000000090 /* CropOverlayView.swift in Sources */,
				A00000000000000000000092 /* NativeHScroll.swift in Sources */,
				A00000000000000000000094 /* BatchRenameView.swift in Sources */,
				A00000000000000000000096 /* SlideshowView.swift in Sources */,
			);
			runOnlyForDeploymentPostprocessing = 0;
		};
		A0000000000000000000004C /* Sources */ = {
			isa = PBXSourcesBuildPhase;
			buildActionMask = 2147483647;
			files = (
				A00000000000000000000043 /* ReadpicTests.swift in Sources */,
			);
			runOnlyForDeploymentPostprocessing = 0;
		};
/* End PBXSourcesBuildPhase section */

/* Begin PBXVariantGroup section */
		A0000000000000000000001E /* Localizable.strings */ = {
			isa = PBXVariantGroup;
			children = (
				A0000000000000000000001C /* en */,
				A0000000000000000000001D /* zh-Hans */,
			);
			name = Localizable.strings;
			sourceTree = "<group>";
		};
/* End PBXVariantGroup section */

/* Begin PBXTargetDependency section */
		A0000000000000000000004D /* PBXTargetDependency */ = {
			isa = PBXTargetDependency;
			target = A00000000000000000000030 /* Readpic */;
			targetProxy = A00000000000000000000046 /* PBXContainerItemProxy */;
		};
/* End PBXTargetDependency section */

/* Begin XCBuildConfiguration section */
		A00000000000000000000036 /* Debug */ = {
			isa = XCBuildConfiguration;
			buildSettings = {
				ALWAYS_SEARCH_USER_PATHS = NO;
				CLANG_ANALYZER_NONNULL = YES;
				CLANG_ANALYZER_NUMBER_OBJECT_CONVERSION = YES_AGGRESSIVE;
				CLANG_CXX_LANGUAGE_STANDARD = "gnu++20";
				CLANG_ENABLE_MODULES = YES;
				CLANG_ENABLE_OBJC_ARC = YES;
				CLANG_ENABLE_OBJC_WEAK = YES;
				CLANG_WARN_BLOCK_CAPTURE_AUTORELEASING = YES;
				CLANG_WARN_BOOL_CONVERSION = YES;
				CLANG_WARN_COMMA = YES;
				CLANG_WARN_CONSTANT_CONVERSION = YES;
				CLANG_WARN_DEPRECATED_OBJC_IMPLEMENTATIONS = YES;
				CLANG_WARN_DIRECT_OBJC_ISA_USAGE = YES_ERROR;
				CLANG_WARN_DOCUMENTATION_COMMENTS = YES;
				CLANG_WARN_EMPTY_BODY = YES;
				CLANG_WARN_ENUM_CONVERSION = YES;
				CLANG_WARN_INFINITE_RECURSION = YES;
				CLANG_WARN_INT_CONVERSION = YES;
				CLANG_WARN_NON_LITERAL_NULL_CONVERSION = YES;
				CLANG_WARN_OBJC_IMPLICIT_RETAIN_SELF = YES;
				CLANG_WARN_OBJC_LITERAL_CONVERSION = YES;
				CLANG_WARN_OBJC_ROOT_CLASS = YES_ERROR;
				CLANG_WARN_QUOTED_INCLUDE_IN_FRAMEWORK_HEADER = YES;
				CLANG_WARN_RANGE_LOOP_ANALYSIS = YES;
				CLANG_WARN_STRICT_PROTOTYPES = YES;
				CLANG_WARN_SUSPICIOUS_MOVE = YES;
				CLANG_WARN_UNGUARDED_AVAILABILITY = YES_AGGRESSIVE;
				CLANG_WARN_UNREACHABLE_CODE = YES;
				CLANG_WARN__DUPLICATE_METHOD_MATCH = YES;
				COPY_PHASE_STRIP = NO;
				DEBUG_INFORMATION_FORMAT = dwarf;
				ENABLE_STRICT_OBJC_MSGSEND = YES;
				ENABLE_TESTABILITY = YES;
				GCC_C_LANGUAGE_STANDARD = gnu17;
				GCC_DYNAMIC_NO_PIC = NO;
				GCC_NO_COMMON_BLOCKS = YES;
				GCC_OPTIMIZATION_LEVEL = 0;
				GCC_PREPROCESSOR_DEFINITIONS = (
					"DEBUG=1",
					"$(inherited)",
				);
				GCC_WARN_64_TO_32_BIT_CONVERSION = YES;
				GCC_WARN_ABOUT_RETURN_TYPE = YES_ERROR;
				GCC_WARN_UNDECLARED_SELECTOR = YES;
				GCC_WARN_UNINITIALIZED_AUTOS = YES_AGGRESSIVE;
				GCC_WARN_UNUSED_FUNCTION = YES;
				GCC_WARN_UNUSED_VARIABLE = YES;
				LOCALIZATION_PREFERS_STRING_CATALOGS = YES;
				MACOSX_DEPLOYMENT_TARGET = 15.6;
				MTL_ENABLE_DEBUG_INFO = INCLUDE_SOURCE;
				MTL_FAST_MATH = YES;
				ONLY_ACTIVE_ARCH = YES;
				SDKROOT = macosx;
				SWIFT_ACTIVE_COMPILATION_CONDITIONS = "DEBUG TESTING";
				SWIFT_OPTIMIZATION_LEVEL = "-Onone";
			};
			name = Debug;
		};
		A00000000000000000000037 /* Release */ = {
			isa = XCBuildConfiguration;
			buildSettings = {
				ALWAYS_SEARCH_USER_PATHS = NO;
				CLANG_ANALYZER_NONNULL = YES;
				CLANG_ANALYZER_NUMBER_OBJECT_CONVERSION = YES_AGGRESSIVE;
				CLANG_CXX_LANGUAGE_STANDARD = "gnu++20";
				CLANG_ENABLE_MODULES = YES;
				CLANG_ENABLE_OBJC_ARC = YES;
				CLANG_ENABLE_OBJC_WEAK = YES;
				CLANG_WARN_BLOCK_CAPTURE_AUTORELEASING = YES;
				CLANG_WARN_BOOL_CONVERSION = YES;
				CLANG_WARN_COMMA = YES;
				CLANG_WARN_CONSTANT_CONVERSION = YES;
				CLANG_WARN_DEPRECATED_OBJC_IMPLEMENTATIONS = YES;
				CLANG_WARN_DIRECT_OBJC_ISA_USAGE = YES_ERROR;
				CLANG_WARN_DOCUMENTATION_COMMENTS = YES;
				CLANG_WARN_EMPTY_BODY = YES;
				CLANG_WARN_ENUM_CONVERSION = YES;
				CLANG_WARN_INFINITE_RECURSION = YES;
				CLANG_WARN_INT_CONVERSION = YES;
				CLANG_WARN_NON_LITERAL_NULL_CONVERSION = YES;
				CLANG_WARN_OBJC_IMPLICIT_RETAIN_SELF = YES;
				CLANG_WARN_OBJC_LITERAL_CONVERSION = YES;
				CLANG_WARN_OBJC_ROOT_CLASS = YES_ERROR;
				CLANG_WARN_QUOTED_INCLUDE_IN_FRAMEWORK_HEADER = YES;
				CLANG_WARN_RANGE_LOOP_ANALYSIS = YES;
				CLANG_WARN_STRICT_PROTOTYPES = YES;
				CLANG_WARN_SUSPICIOUS_MOVE = YES;
				CLANG_WARN_UNGUARDED_AVAILABILITY = YES_AGGRESSIVE;
				CLANG_WARN_UNREACHABLE_CODE = YES;
				CLANG_WARN__DUPLICATE_METHOD_MATCH = YES;
				COPY_PHASE_STRIP = NO;
				DEBUG_INFORMATION_FORMAT = "dwarf-with-dsym";
				ENABLE_NS_ASSERTIONS = NO;
				ENABLE_STRICT_OBJC_MSGSEND = YES;
				GCC_C_LANGUAGE_STANDARD = gnu17;
				GCC_NO_COMMON_BLOCKS = YES;
				GCC_WARN_64_TO_32_BIT_CONVERSION = YES;
				GCC_WARN_ABOUT_RETURN_TYPE = YES_ERROR;
				GCC_WARN_UNDECLARED_SELECTOR = YES;
				GCC_WARN_UNINITIALIZED_AUTOS = YES_AGGRESSIVE;
				GCC_WARN_UNUSED_FUNCTION = YES;
				GCC_WARN_UNUSED_VARIABLE = YES;
				LOCALIZATION_PREFERS_STRING_CATALOGS = YES;
				MACOSX_DEPLOYMENT_TARGET = 15.6;
				MTL_ENABLE_DEBUG_INFO = NO;
				MTL_FAST_MATH = YES;
				SDKROOT = macosx;
				SWIFT_COMPILATION_MODE = wholemodule;
				SWIFT_OPTIMIZATION_LEVEL = "-O";
			};
			name = Release;
		};
		A00000000000000000000038 /* Debug */ = {
			isa = XCBuildConfiguration;
			buildSettings = {
				ASSETCATALOG_COMPILER_GENERATE_SWIFT_ASSET_SYMBOL_EXTENSIONS = YES;
				CODE_SIGNING_ALLOWED = NO;
				CODE_SIGN_STYLE = Automatic;
				COMBINE_HIDPI_IMAGES = YES;
				CURRENT_PROJECT_VERSION = 1;
				ENABLE_PREVIEWS = YES;
				GENERATE_INFOPLIST_FILE = YES;
				INFOPLIST_KEY_CFBundleDisplayName = Readpic;
				INFOPLIST_KEY_LSApplicationCategoryType = "public.app-category.photography";
				INFOPLIST_KEY_NSHumanReadableCopyright = "";
				LD_RUNPATH_SEARCH_PATHS = (
					"$(inherited)",
					"@executable_path/../Frameworks",
				);
				MARKETING_VERSION = 0.1.0;
				PRODUCT_BUNDLE_IDENTIFIER = com.readpic.Readpic;
				PRODUCT_NAME = "$(TARGET_NAME)";
				SDKROOT = macosx;
				SWIFT_EMIT_LOC_STRINGS = YES;
				SWIFT_VERSION = 6.0;
			};
			name = Debug;
		};
		A00000000000000000000039 /* Release */ = {
			isa = XCBuildConfiguration;
			buildSettings = {
				ASSETCATALOG_COMPILER_GENERATE_SWIFT_ASSET_SYMBOL_EXTENSIONS = YES;
				CODE_SIGN_STYLE = Automatic;
				COMBINE_HIDPI_IMAGES = YES;
				CURRENT_PROJECT_VERSION = 1;
				ENABLE_PREVIEWS = YES;
				GENERATE_INFOPLIST_FILE = YES;
				INFOPLIST_KEY_CFBundleDisplayName = Readpic;
				INFOPLIST_KEY_LSApplicationCategoryType = "public.app-category.photography";
				INFOPLIST_KEY_NSHumanReadableCopyright = "";
				LD_RUNPATH_SEARCH_PATHS = (
					"$(inherited)",
					"@executable_path/../Frameworks",
				);
				MARKETING_VERSION = 0.1.0;
				PRODUCT_BUNDLE_IDENTIFIER = com.readpic.Readpic;
				PRODUCT_NAME = "$(TARGET_NAME)";
				SDKROOT = macosx;
				SWIFT_EMIT_LOC_STRINGS = YES;
				SWIFT_VERSION = 6.0;
			};
			name = Release;
		};
		A0000000000000000000004E /* Debug */ = {
			isa = XCBuildConfiguration;
			buildSettings = {
				BUNDLE_LOADER = "$(TEST_HOST)";
				CODE_SIGNING_ALLOWED = NO;
				CODE_SIGN_STYLE = Automatic;
				CURRENT_PROJECT_VERSION = 1;
				GENERATE_INFOPLIST_FILE = YES;
				MARKETING_VERSION = 0.1.0;
				PRODUCT_BUNDLE_IDENTIFIER = com.readpic.ReadpicTests;
				PRODUCT_NAME = "$(TARGET_NAME)";
				SDKROOT = macosx;
				SWIFT_VERSION = 6.0;
				TEST_HOST = "$(BUILT_PRODUCTS_DIR)/Readpic.app/Contents/MacOS/Readpic";
			};
			name = Debug;
		};
		A0000000000000000000004F /* Release */ = {
			isa = XCBuildConfiguration;
			buildSettings = {
				BUNDLE_LOADER = "$(TEST_HOST)";
				CODE_SIGN_STYLE = Automatic;
				CURRENT_PROJECT_VERSION = 1;
				GENERATE_INFOPLIST_FILE = YES;
				MARKETING_VERSION = 0.1.0;
				PRODUCT_BUNDLE_IDENTIFIER = com.readpic.ReadpicTests;
				PRODUCT_NAME = "$(TARGET_NAME)";
				SDKROOT = macosx;
				SWIFT_VERSION = 6.0;
				TEST_HOST = "$(BUILT_PRODUCTS_DIR)/Readpic.app/Contents/MacOS/Readpic";
			};
			name = Release;
		};
/* End XCBuildConfiguration section */

/* Begin XCConfigurationList section */
		A00000000000000000000035 /* Build configuration list for PBXProject \"Readpic\" */ = {
			isa = XCConfigurationList;
			buildConfigurations = (
				A00000000000000000000036 /* Debug */,
				A00000000000000000000037 /* Release */,
			);
			defaultConfigurationIsVisible = 0;
			defaultConfigurationName = Release;
		};
		A00000000000000000000031 /* Build configuration list for PBXNativeTarget \"Readpic\" */ = {
			isa = XCConfigurationList;
			buildConfigurations = (
				A00000000000000000000038 /* Debug */,
				A00000000000000000000039 /* Release */,
			);
			defaultConfigurationIsVisible = 0;
			defaultConfigurationName = Release;
		};
		A0000000000000000000004B /* Build configuration list for PBXNativeTarget "ReadpicTests" */ = {
			isa = XCConfigurationList;
			buildConfigurations = (
				A0000000000000000000004E /* Debug */,
				A0000000000000000000004F /* Release */,
			);
			defaultConfigurationIsVisible = 0;
			defaultConfigurationName = Release;
		};
/* End XCConfigurationList section */
	};
	rootObject = A00000000000000000000034 /* Project object */;
}
